{
    "_readme": [
        "This file locks the dependencies of your project to a known state",
        "Read more about it at https://getcomposer.org/doc/01-basic-usage.md#installing-dependencies",
        "This file is @generated automatically"
    ],
    "content-hash": "7babc05de089190f1551f70454fa6f45",
    "packages": [
        {
            "name": "spiral/goridge",
            "version": "v2.4.5",
            "source": {
                "type": "git",
                "url": "https://github.com/spiral/goridge-php.git",
                "reference": "a7373de7f86a5452f8ad61bd1340dc158626f7f8"
            },
            "dist": {
                "type": "zip",
                "url": "https://api.github.com/repos/spiral/goridge-php/zipball/a7373de7f86a5452f8ad61bd1340dc158626f7f8",
                "reference": "a7373de7f86a5452f8ad61bd1340dc158626f7f8",
                "shasum": ""
            },
            "require": {
                "ext-json": "*",
                "php": ">=7.2"
            },
            "require-dev": {
                "phpstan/phpstan": "^0.12.23",
                "phpunit/phpunit": "~8.0",
                "spiral/code-style": "^1.0"
            },
            "type": "goridge",
            "autoload": {
                "psr-4": {
                    "Spiral\\Goridge\\": "src/"
                },
                "files": [
                    "src/functions.php"
                ]
            },
            "notification-url": "https://packagist.org/downloads/",
            "license": [
                "MIT"
            ],
            "authors": [
                {
                    "name": "Anton Titov / Wolfy-J",
                    "email": "wolfy.jd@gmail.com"
                }
            ],
            "description": "High-performance PHP-to-Golang RPC bridge",
            "support": {
                "issues": "https://github.com/spiral/goridge-php/issues",
                "source": "https://github.com/spiral/goridge-php/tree/v2.4.5"
            },
            "time": "2020-08-14T14:28:30+00:00"
        }
    ],
    "packages-dev": [
        {
            "name": "phpstan/phpstan",
            "version": "0.12.58",
            "source": {
                "type": "git",
                "url": "https://github.com/phpstan/phpstan.git",
                "reference": "2a4847df6047b30af28854ed9dc95304cdb56ae5"
            },
            "dist": {
                "type": "zip",
                "url": "https://api.github.com/repos/phpstan/phpstan/zipball/2a4847df6047b30af28854ed9dc95304cdb56ae5",
                "reference": "2a4847df6047b30af28854ed9dc95304cdb56ae5",
                "shasum": ""
            },
            "require": {
                "php": "^7.1|^8.0"
            },
            "conflict": {
                "phpstan/phpstan-shim": "*"
            },
            "bin": [
                "phpstan",
                "phpstan.phar"
            ],
            "type": "library",
            "extra": {
                "branch-alias": {
                    "dev-master": "0.12-dev"
                }
            },
            "autoload": {
                "files": [
                    "bootstrap.php"
                ]
            },
            "notification-url": "https://packagist.org/downloads/",
            "license": [
                "MIT"
            ],
            "description": "PHPStan - PHP Static Analysis Tool",
            "support": {
                "issues": "https://github.com/phpstan/phpstan/issues",
                "source": "https://github.com/phpstan/phpstan/tree/0.12.58"
            },
            "funding": [
                {
                    "url": "https://github.com/ondrejmirtes",
                    "type": "github"
                },
                {
                    "url": "https://www.patreon.com/phpstan",
                    "type": "patreon"
                },
                {
                    "url": "https://tidelift.com/funding/github/packagist/phpstan/phpstan",
                    "type": "tidelift"
                }
            ],
            "time": "2020-11-29T13:32:03+00:00"
        }
    ],
    "aliases": [],
    "minimum-stability": "stable",
    "stability-flags": [],
    "prefer-stable": false,
    "prefer-lowest": false,
    "platform": {
        "php": "^7.4 || ^8.0",
        "ext-json": "*"
    },
    "platform-dev": [],
    "plugin-api-version": "2.0.0"
}
